
Microsoft Visual Studio Solution File, Format Version 12.00
# Visual Studio Version 17
VisualStudioVersion = 17.3.32901.215
MinimumVisualStudioVersion = 10.0.40219.1
Project("{FAE04EC0-301F-11D3-BF4B-00C04F79EFBC}") = "SpartaDungeon", "SpartaDungeon\SpartaDungeon.csproj", "{F3E9A599-0C2B-4730-BF05-0EB26DFD9D58}"
EndProject
Global
	GlobalSection(SolutionConfigurationPlatforms) = preSolution
		Debug|Any CPU = Debug|Any CPU
		Release|Any CPU = Release|Any CPU
	EndGlobalSection
	GlobalSection(ProjectConfigurationPlatforms) = postSolution
		{F3E9A599-0C2B-4730-BF05-0EB26DFD9D58}.Debug|Any CPU.ActiveCfg = Debug|Any CPU
		{F3E9A599-0C2B-4730-BF05-0EB26DFD9D58}.Debug|Any CPU.Build.0 = Debug|Any CPU
		{F3E9A599-0C2B-4730-BF05-0EB26DFD9D58}.Release|Any CPU.ActiveCfg = Release|Any CPU
		{F3E9A599-0C2B-4730-BF05-0EB26DFD9D58}.Release|Any CPU.Build.0 = Release|Any CPU
	EndGlobalSection
	GlobalSection(SolutionProperties) = preSolution
		HideSolutionNode = FALSE
	EndGlobalSection
	GlobalSection(ExtensibilityGlobals) = postSolution
		SolutionGuid = {D30077BF-46D1-4EB9-B142-C40BB1948641}
	EndGlobalSection
EndGlobal
